// !$*UTF8*$!
{
	archiveVersion = 1;
	classes = {
	};
	objectVersion = 46;
	objects = {

/* Begin PBXBuildFile section */
		4332BED21D10900700F84D51 /* fuse_biglock_vnops.c in Sources */ = {isa = PBXBuildFile; fileRef = 4332BEB31D10900700F84D51 /* fuse_biglock_vnops.c */; };
		4332BED31D10900700F84D51 /* fuse_biglock_vnops.h in Headers */ = {isa = PBXBuildFile; fileRef = 4332BEB41D10900700F84D51 /* fuse_biglock_vnops.h */; };
		4332BED41D10900700F84D51 /* fuse_device.c in Sources */ = {isa = PBXBuildFile; fileRef = 4332BEB51D10900700F84D51 /* fuse_device.c */; };
		4332BED51D10900700F84D51 /* fuse_device.h in Headers */ = {isa = PBXBuildFile; fileRef = 4332BEB61D10900700F84D51 /* fuse_device.h */; };
		4332BED61D10900700F84D51 /* fuse_file.c in Sources */ = {isa = PBXBuildFile; fileRef = 4332BEB71D10900700F84D51 /* fuse_file.c */; };
		4332BED71D10900700F84D51 /* fuse_file.h in Headers */ = {isa = PBXBuildFile; fileRef = 4332BEB81D10900700F84D51 /* fuse_file.h */; };
		4332BED81D10900700F84D51 /* fuse_internal.c in Sources */ = {isa = PBXBuildFile; fileRef = 4332BEB91D10900700F84D51 /* fuse_internal.c */; };
		4332BED91D10900700F84D51 /* fuse_internal.h in Headers */ = {isa = PBXBuildFile; fileRef = 4332BEBA1D10900700F84D51 /* fuse_internal.h */; };
		4332BEDA1D10900700F84D51 /* fuse_ipc.c in Sources */ = {isa = PBXBuildFile; fileRef = 4332BEBB1D10900700F84D51 /* fuse_ipc.c */; };
		4332BEDB1D10900700F84D51 /* fuse_ipc.h in Headers */ = {isa = PBXBuildFile; fileRef = 4332BEBC1D10900700F84D51 /* fuse_ipc.h */; };
		4332BEDC1D10900700F84D51 /* fuse_kernel.h in Headers */ = {isa = PBXBuildFile; fileRef = 4332BEBD1D10900700F84D51 /* fuse_kernel.h */; };
		4332BEDD1D10900700F84D51 /* fuse_kludges.c in Sources */ = {isa = PBXBuildFile; fileRef = 4332BEBE1D10900700F84D51 /* fuse_kludges.c */; };
		4332BEDE1D10900700F84D51 /* fuse_kludges.h in Headers */ = {isa = PBXBuildFile; fileRef = 4332BEBF1D10900700F84D51 /* fuse_kludges.h */; };
		4332BEDF1D10900700F84D51 /* fuse_knote.c in Sources */ = {isa = PBXBuildFile; fileRef = 4332BEC01D10900700F84D51 /* fuse_knote.c */; };
		4332BEE01D10900700F84D51 /* fuse_knote.h in Headers */ = {isa = PBXBuildFile; fileRef = 4332BEC11D10900700F84D51 /* fuse_knote.h */; };
		4332BEE11D10900700F84D51 /* fuse_locking.c in Sources */ = {isa = PBXBuildFile; fileRef = 4332BEC21D10900700F84D51 /* fuse_locking.c */; };
		4332BEE21D10900700F84D51 /* fuse_locking.h in Headers */ = {isa = PBXBuildFile; fileRef = 4332BEC31D10900700F84D51 /* fuse_locking.h */; };
		4332BEE31D10900700F84D51 /* fuse_main.c in Sources */ = {isa = PBXBuildFile; fileRef = 4332BEC41D10900700F84D51 /* fuse_main.c */; };
		4332BEE41D10900700F84D51 /* fuse_node.c in Sources */ = {isa = PBXBuildFile; fileRef = 4332BEC51D10900700F84D51 /* fuse_node.c */; };
		4332BEE51D10900700F84D51 /* fuse_node.h in Headers */ = {isa = PBXBuildFile; fileRef = 4332BEC61D10900700F84D51 /* fuse_node.h */; };
		4332BEE61D10900700F84D51 /* fuse_nodehash.c in Sources */ = {isa = PBXBuildFile; fileRef = 4332BEC71D10900700F84D51 /* fuse_nodehash.c */; };
		4332BEE71D10900700F84D51 /* fuse_nodehash.h in Headers */ = {isa = PBXBuildFile; fileRef = 4332BEC81D10900700F84D51 /* fuse_nodehash.h */; };
		4332BEE81D10900700F84D51 /* fuse_notify.c in Sources */ = {isa = PBXBuildFile; fileRef = 4332BEC91D10900700F84D51 /* fuse_notify.c */; };
		4332BEE91D10900700F84D51 /* fuse_notify.h in Headers */ = {isa = PBXBuildFile; fileRef = 4332BECA1D10900700F84D51 /* fuse_notify.h */; };
		4332BEEA1D10900700F84D51 /* fuse_sysctl.c in Sources */ = {isa = PBXBuildFile; fileRef = 4332BECB1D10900700F84D51 /* fuse_sysctl.c */; };
		4332BEEB1D10900700F84D51 /* fuse_sysctl.h in Headers */ = {isa = PBXBuildFile; fileRef = 4332BECC1D10900700F84D51 /* fuse_sysctl.h */; };
		4332BEEC1D10900700F84D51 /* fuse_vfsops.c in Sources */ = {isa = PBXBuildFile; fileRef = 4332BECD1D10900700F84D51 /* fuse_vfsops.c */; };
		4332BEED1D10900700F84D51 /* fuse_vfsops.h in Headers */ = {isa = PBXBuildFile; fileRef = 4332BECE1D10900700F84D51 /* fuse_vfsops.h */; };
		4332BEEE1D10900700F84D51 /* fuse_vnops.c in Sources */ = {isa = PBXBuildFile; fileRef = 4332BECF1D10900700F84D51 /* fuse_vnops.c */; };
		4332BEEF1D10900700F84D51 /* fuse_vnops.h in Headers */ = {isa = PBXBuildFile; fileRef = 4332BED01D10900700F84D51 /* fuse_vnops.h */; };
		4332BEF01D10900700F84D51 /* fuse.h in Headers */ = {isa = PBXBuildFile; fileRef = 4332BED11D10900700F84D51 /* fuse.h */; };
		4332BEF91D10926200F84D51 /* fuse_ioctl.h in Headers */ = {isa = PBXBuildFile; fileRef = 4332BEF41D10926200F84D51 /* fuse_ioctl.h */; };
		4332BEFA1D10926200F84D51 /* fuse_mount.h in Headers */ = {isa = PBXBuildFile; fileRef = 4332BEF51D10926200F84D51 /* fuse_mount.h */; };
		4332BEFB1D10926200F84D51 /* fuse_param.h in Headers */ = {isa = PBXBuildFile; fileRef = 4332BEF61D10926200F84D51 /* fuse_param.h */; };
		4332BEFC1D10926200F84D51 /* fuse_preprocessor.h in Headers */ = {isa = PBXBuildFile; fileRef = 4332BEF71D10926200F84D51 /* fuse_preprocessor.h */; };
		4332BEFD1D10926200F84D51 /* fuse_version.h in Headers */ = {isa = PBXBuildFile; fileRef = 4332BEF81D10926200F84D51 /* fuse_version.h */; };
/* End PBXBuildFile section */

/* Begin PBXFileReference section */
		4332BEA81D108F4000F84D51 /* osxfuse.kext */ = {isa = PBXFileReference; explicitFileType = wrapper.cfbundle; includeInIndex = 0; path = osxfuse.kext; sourceTree = BUILT_PRODUCTS_DIR; };
		4332BEAD1D108F4000F84D51 /* Info.plist */ = {isa = PBXFileReference; lastKnownFileType = text.plist.xml; path = Info.plist; sourceTree = "<group>"; };
		4332BEB31D10900700F84D51 /* fuse_biglock_vnops.c */ = {isa = PBXFileReference; fileEncoding = 4; lastKnownFileType = sourcecode.c.c; path = fuse_biglock_vnops.c; sourceTree = "<group>"; };
		4332BEB41D10900700F84D51 /* fuse_biglock_vnops.h */ = {isa = PBXFileReference; fileEncoding = 4; lastKnownFileType = sourcecode.c.h; path = fuse_biglock_vnops.h; sourceTree = "<group>"; };
		4332BEB51D10900700F84D51 /* fuse_device.c */ = {isa = PBXFileReference; fileEncoding = 4; lastKnownFileType = sourcecode.c.c; path = fuse_device.c; sourceTree = "<group>"; };
		4332BEB61D10900700F84D51 /* fuse_device.h */ = {isa = PBXFileReference; fileEncoding = 4; lastKnownFileType = sourcecode.c.h; path = fuse_device.h; sourceTree = "<group>"; };
		4332BEB71D10900700F84D51 /* fuse_file.c */ = {isa = PBXFileReference; fileEncoding = 4; lastKnownFileType = sourcecode.c.c; path = fuse_file.c; sourceTree = "<group>"; };
		4332BEB81D10900700F84D51 /* fuse_file.h */ = {isa = PBXFileReference; fileEncoding = 4; lastKnownFileType = sourcecode.c.h; path = fuse_file.h; sourceTree = "<group>"; };
		4332BEB91D10900700F84D51 /* fuse_internal.c */ = {isa = PBXFileReference; fileEncoding = 4; lastKnownFileType = sourcecode.c.c; path = fuse_internal.c; sourceTree = "<group>"; };
		4332BEBA1D10900700F84D51 /* fuse_internal.h */ = {isa = PBXFileReference; fileEncoding = 4; lastKnownFileType = sourcecode.c.h; path = fuse_internal.h; sourceTree = "<group>"; };
		4332BEBB1D10900700F84D51 /* fuse_ipc.c */ = {isa = PBXFileReference; fileEncoding = 4; lastKnownFileType = sourcecode.c.c; path = fuse_ipc.c; sourceTree = "<group>"; };
		4332BEBC1D10900700F84D51 /* fuse_ipc.h */ = {isa = PBXFileReference; fileEncoding = 4; lastKnownFileType = sourcecode.c.h; path = fuse_ipc.h; sourceTree = "<group>"; };
		4332BEBD1D10900700F84D51 /* fuse_kernel.h */ = {isa = PBXFileReference; fileEncoding = 4; lastKnownFileType = sourcecode.c.h; path = fuse_kernel.h; sourceTree = "<group>"; };
		4332BEBE1D10900700F84D51 /* fuse_kludges.c */ = {isa = PBXFileReference; fileEncoding = 4; lastKnownFileType = sourcecode.c.c; path = fuse_kludges.c; sourceTree = "<group>"; };
		4332BEBF1D10900700F84D51 /* fuse_kludges.h */ = {isa = PBXFileReference; fileEncoding = 4; lastKnownFileType = sourcecode.c.h; path = fuse_kludges.h; sourceTree = "<group>"; };
		4332BEC01D10900700F84D51 /* fuse_knote.c */ = {isa = PBXFileReference; fileEncoding = 4; lastKnownFileType = sourcecode.c.c; path = fuse_knote.c; sourceTree = "<group>"; };
		4332BEC11D10900700F84D51 /* fuse_knote.h */ = {isa = PBXFileReference; fileEncoding = 4; lastKnownFileType = sourcecode.c.h; path = fuse_knote.h; sourceTree = "<group>"; };
		4332BEC21D10900700F84D51 /* fuse_locking.c */ = {isa = PBXFileReference; fileEncoding = 4; lastKnownFileType = sourcecode.c.c; path = fuse_locking.c; sourceTree = "<group>"; };
		4332BEC31D10900700F84D51 /* fuse_locking.h */ = {isa = PBXFileReference; fileEncoding = 4; lastKnownFileType = sourcecode.c.h; path = fuse_locking.h; sourceTree = "<group>"; };
		4332BEC41D10900700F84D51 /* fuse_main.c */ = {isa = PBXFileReference; fileEncoding = 4; lastKnownFileType = sourcecode.c.c; path = fuse_main.c; sourceTree = "<group>"; };
		4332BEC51D10900700F84D51 /* fuse_node.c */ = {isa = PBXFileReference; fileEncoding = 4; lastKnownFileType = sourcecode.c.c; path = fuse_node.c; sourceTree = "<group>"; };
		4332BEC61D10900700F84D51 /* fuse_node.h */ = {isa = PBXFileReference; fileEncoding = 4; lastKnownFileType = sourcecode.c.h; path = fuse_node.h; sourceTree = "<group>"; };
		4332BEC71D10900700F84D51 /* fuse_nodehash.c */ = {isa = PBXFileReference; fileEncoding = 4; lastKnownFileType = sourcecode.c.c; path = fuse_nodehash.c; sourceTree = "<group>"; };
		4332BEC81D10900700F84D51 /* fuse_nodehash.h */ = {isa = PBXFileReference; fileEncoding = 4; lastKnownFileType = sourcecode.c.h; path = fuse_nodehash.h; sourceTree = "<group>"; };
		4332BEC91D10900700F84D51 /* fuse_notify.c */ = {isa = PBXFileReference; fileEncoding = 4; lastKnownFileType = sourcecode.c.c; path = fuse_notify.c; sourceTree = "<group>"; };
		4332BECA1D10900700F84D51 /* fuse_notify.h */ = {isa = PBXFileReference; fileEncoding = 4; lastKnownFileType = sourcecode.c.h; path = fuse_notify.h; sourceTree = "<group>"; };
		4332BECB1D10900700F84D51 /* fuse_sysctl.c */ = {isa = PBXFileReference; fileEncoding = 4; lastKnownFileType = sourcecode.c.c; path = fuse_sysctl.c; sourceTree = "<group>"; };
		4332BECC1D10900700F84D51 /* fuse_sysctl.h */ = {isa = PBXFileReference; fileEncoding = 4; lastKnownFileType = sourcecode.c.h; path = fuse_sysctl.h; sourceTree = "<group>"; };
		4332BECD1D10900700F84D51 /* fuse_vfsops.c */ = {isa = PBXFileReference; fileEncoding = 4; lastKnownFileType = sourcecode.c.c; path = fuse_vfsops.c; sourceTree = "<group>"; };
		4332BECE1D10900700F84D51 /* fuse_vfsops.h */ = {isa = PBXFileReference; fileEncoding = 4; lastKnownFileType = sourcecode.c.h; path = fuse_vfsops.h; sourceTree = "<group>"; };
		4332BECF1D10900700F84D51 /* fuse_vnops.c */ = {isa = PBXFileReference; fileEncoding = 4; lastKnownFileType = sourcecode.c.c; path = fuse_vnops.c; sourceTree = "<group>"; };
		4332BED01D10900700F84D51 /* fuse_vnops.h */ = {isa = PBXFileReference; fileEncoding = 4; lastKnownFileType = sourcecode.c.h; path = fuse_vnops.h; sourceTree = "<group>"; };
		4332BED11D10900700F84D51 /* fuse.h */ = {isa = PBXFileReference; fileEncoding = 4; lastKnownFileType = sourcecode.c.h; path = fuse.h; sourceTree = "<group>"; };
		4332BEF21D10923F00F84D51 /* osxfuse.exports */ = {isa = PBXFileReference; fileEncoding = 4; lastKnownFileType = text; path = osxfuse.exports; sourceTree = "<group>"; };
		4332BEF41D10926200F84D51 /* fuse_ioctl.h */ = {isa = PBXFileReference; fileEncoding = 4; lastKnownFileType = sourcecode.c.h; path = fuse_ioctl.h; sourceTree = "<group>"; };
		4332BEF51D10926200F84D51 /* fuse_mount.h */ = {isa = PBXFileReference; fileEncoding = 4; lastKnownFileType = sourcecode.c.h; path = fuse_mount.h; sourceTree = "<group>"; };
		4332BEF61D10926200F84D51 /* fuse_param.h */ = {isa = PBXFileReference; fileEncoding = 4; lastKnownFileType = sourcecode.c.h; path = fuse_param.h; sourceTree = "<group>"; };
		4332BEF71D10926200F84D51 /* fuse_preprocessor.h */ = {isa = PBXFileReference; fileEncoding = 4; lastKnownFileType = sourcecode.c.h; path = fuse_preprocessor.h; sourceTree = "<group>"; };
		4332BEF81D10926200F84D51 /* fuse_version.h */ = {isa = PBXFileReference; fileEncoding = 4; lastKnownFileType = sourcecode.c.h; path = fuse_version.h; sourceTree = "<group>"; };
/* End PBXFileReference section */

/* Begin PBXFrameworksBuildPhase section */
		4332BEA41D108F4000F84D51 /* Frameworks */ = {
			isa = PBXFrameworksBuildPhase;
			buildActionMask = 2147483647;
			files = (
			);
			runOnlyForDeploymentPostprocessing = 0;
		};
/* End PBXFrameworksBuildPhase section */

/* Begin PBXGroup section */
		4332BE9E1D108F4000F84D51 = {
			isa = PBXGroup;
			children = (
				4332BEF11D10920D00F84D51 /* Common */,
				4332BEAA1D108F4000F84D51 /* osxfuse */,
				4332BEA91D108F4000F84D51 /* Products */,
			);
			sourceTree = "<group>";
		};
		4332BEA91D108F4000F84D51 /* Products */ = {
			isa = PBXGroup;
			children = (
				4332BEA81D108F4000F84D51 /* osxfuse.kext */,
			);
			name = Products;
			sourceTree = "<group>";
		};
		4332BEAA1D108F4000F84D51 /* osxfuse */ = {
			isa = PBXGroup;
			children = (
				4332BEB31D10900700F84D51 /* fuse_biglock_vnops.c */,
				4332BEB41D10900700F84D51 /* fuse_biglock_vnops.h */,
				4332BEB51D10900700F84D51 /* fuse_device.c */,
				4332BEB61D10900700F84D51 /* fuse_device.h */,
				4332BEB71D10900700F84D51 /* fuse_file.c */,
				4332BEB81D10900700F84D51 /* fuse_file.h */,
				4332BEB91D10900700F84D51 /* fuse_internal.c */,
				4332BEBA1D10900700F84D51 /* fuse_internal.h */,
				4332BEBB1D10900700F84D51 /* fuse_ipc.c */,
				4332BEBC1D10900700F84D51 /* fuse_ipc.h */,
				4332BEBD1D10900700F84D51 /* fuse_kernel.h */,
				4332BEBE1D10900700F84D51 /* fuse_kludges.c */,
				4332BEBF1D10900700F84D51 /* fuse_kludges.h */,
				4332BEC01D10900700F84D51 /* fuse_knote.c */,
				4332BEC11D10900700F84D51 /* fuse_knote.h */,
				4332BEC21D10900700F84D51 /* fuse_locking.c */,
				4332BEC31D10900700F84D51 /* fuse_locking.h */,
				4332BEC41D10900700F84D51 /* fuse_main.c */,
				4332BEC51D10900700F84D51 /* fuse_node.c */,
				4332BEC61D10900700F84D51 /* fuse_node.h */,
				4332BEC71D10900700F84D51 /* fuse_nodehash.c */,
				4332BEC81D10900700F84D51 /* fuse_nodehash.h */,
				4332BEC91D10900700F84D51 /* fuse_notify.c */,
				4332BECA1D10900700F84D51 /* fuse_notify.h */,
				4332BECB1D10900700F84D51 /* fuse_sysctl.c */,
				4332BECC1D10900700F84D51 /* fuse_sysctl.h */,
				4332BECD1D10900700F84D51 /* fuse_vfsops.c */,
				4332BECE1D10900700F84D51 /* fuse_vfsops.h */,
				4332BECF1D10900700F84D51 /* fuse_vnops.c */,
				4332BED01D10900700F84D51 /* fuse_vnops.h */,
				4332BED11D10900700F84D51 /* fuse.h */,
				4332BEAD1D108F4000F84D51 /* Info.plist */,
				4332BEF21D10923F00F84D51 /* osxfuse.exports */,
			);
			path = osxfuse;
			sourceTree = "<group>";
		};
		4332BEF11D10920D00F84D51 /* Common */ = {
			isa = PBXGroup;
			children = (
				4332BEF41D10926200F84D51 /* fuse_ioctl.h */,
				4332BEF51D10926200F84D51 /* fuse_mount.h */,
				4332BEF61D10926200F84D51 /* fuse_param.h */,
				4332BEF71D10926200F84D51 /* fuse_preprocessor.h */,
				4332BEF81D10926200F84D51 /* fuse_version.h */,
			);
			name = Common;
			path = ../common;
			sourceTree = "<group>";
		};
/* End PBXGroup section */

/* Begin PBXHeadersBuildPhase section */
		4332BEA51D108F4000F84D51 /* Headers */ = {
			isa = PBXHeadersBuildPhase;
			buildActionMask = 2147483647;
			files = (
				4332BEF91D10926200F84D51 /* fuse_ioctl.h in Headers */,
				4332BEED1D10900700F84D51 /* fuse_vfsops.h in Headers */,
				4332BEFB1D10926200F84D51 /* fuse_param.h in Headers */,
				4332BEEB1D10900700F84D51 /* fuse_sysctl.h in Headers */,
				4332BEDC1D10900700F84D51 /* fuse_kernel.h in Headers */,
				4332BEDE1D10900700F84D51 /* fuse_kludges.h in Headers */,
				4332BEFC1D10926200F84D51 /* fuse_preprocessor.h in Headers */,
				4332BEE21D10900700F84D51 /* fuse_locking.h in Headers */,
				4332BEEF1D10900700F84D51 /* fuse_vnops.h in Headers */,
				4332BEE71D10900700F84D51 /* fuse_nodehash.h in Headers */,
				4332BEDB1D10900700F84D51 /* fuse_ipc.h in Headers */,
				4332BED91D10900700F84D51 /* fuse_internal.h in Headers */,
				4332BED71D10900700F84D51 /* fuse_file.h in Headers */,
				4332BEE01D10900700F84D51 /* fuse_knote.h in Headers */,
				4332BED31D10900700F84D51 /* fuse_biglock_vnops.h in Headers */,
				4332BED51D10900700F84D51 /* fuse_device.h in Headers */,
				4332BEE91D10900700F84D51 /* fuse_notify.h in Headers */,
				4332BEFD1D10926200F84D51 /* fuse_version.h in Headers */,
				4332BEE51D10900700F84D51 /* fuse_node.h in Headers */,
				4332BEF01D10900700F84D51 /* fuse.h in Headers */,
				4332BEFA1D10926200F84D51 /* fuse_mount.h in Headers */,
			);
			runOnlyForDeploymentPostprocessing = 0;
		};
/* End PBXHeadersBuildPhase section */

/* Begin PBXNativeTarget section */
		4332BEA71D108F4000F84D51 /* osxfuse */ = {
			isa = PBXNativeTarget;
			buildConfigurationList = 4332BEB01D108F4000F84D51 /* Build configuration list for PBXNativeTarget "osxfuse" */;
			buildPhases = (
				4332BEA31D108F4000F84D51 /* Sources */,
				4332BEA41D108F4000F84D51 /* Frameworks */,
				4332BEA51D108F4000F84D51 /* Headers */,
				4332BEA61D108F4000F84D51 /* Resources */,
				4332BEFE1D10968400F84D51 /* Copy Unstripped Kernel Extension */,
			);
			buildRules = (
			);
			dependencies = (
			);
			name = osxfuse;
			productName = osxfuse;
			productReference = 4332BEA81D108F4000F84D51 /* osxfuse.kext */;
			productType = "com.apple.product-type.kernel-extension";
		};
/* End PBXNativeTarget section */

/* Begin PBXProject section */
		4332BE9F1D108F4000F84D51 /* Project object */ = {
			isa = PBXProject;
			attributes = {
				LastUpgradeCheck = 0800;
				ORGANIZATIONNAME = osxfuse;
				TargetAttributes = {
					4332BEA71D108F4000F84D51 = {
						CreatedOnToolsVersion = 8.0;
						DevelopmentTeam = 3T5GSNBU6W;
						ProvisioningStyle = Manual;
					};
				};
			};
			buildConfigurationList = 4332BEA21D108F4000F84D51 /* Build configuration list for PBXProject "osxfuse" */;
			compatibilityVersion = "Xcode 3.2";
			developmentRegion = English;
			hasScannedForEncodings = 0;
			knownRegions = (
				en,
			);
			mainGroup = 4332BE9E1D108F4000F84D51;
			productRefGroup = 4332BEA91D108F4000F84D51 /* Products */;
			projectDirPath = "";
			projectRoot = "";
			targets = (
				4332BEA71D108F4000F84D51 /* osxfuse */,
			);
		};
/* End PBXProject section */

/* Begin PBXResourcesBuildPhase section */
		4332BEA61D108F4000F84D51 /* Resources */ = {
			isa = PBXResourcesBuildPhase;
			buildActionMask = 2147483647;
			files = (
			);
			runOnlyForDeploymentPostprocessing = 0;
		};
/* End PBXResourcesBuildPhase section */

/* Begin PBXShellScriptBuildPhase section */
		4332BEFE1D10968400F84D51 /* Copy Unstripped Kernel Extension */ = {
			isa = PBXShellScriptBuildPhase;
			buildActionMask = 2147483647;
			files = (
			);
			inputPaths = (
				"$(CONFIGURATION_BUILD_DIR)/$(WRAPPER_NAME)",
			);
			name = "Copy Unstripped Kernel Extension";
			outputPaths = (
				"$(CONFIGURATION_BUILD_DIR)/Debug/$(WRAPPER_NAME)",
			);
			runOnlyForDeploymentPostprocessing = 0;
			shellPath = /bin/sh;
			shellScript = "for (( i=0; i < ${SCRIPT_INPUT_FILE_COUNT} && i < ${SCRIPT_OUTPUT_FILE_COUNT}; i++ ))\ndo\n    input_file_p=\"SCRIPT_INPUT_FILE_${i}\"\n    output_file_p=\"SCRIPT_OUTPUT_FILE_${i}\"\n\n    if [ -e \"${!output_file_p}\" ]\n    then\n        rm -rf \"${!output_file_p}\"\n    fi\n    cp -PpR \"${!input_file_p}\" \"${!output_file_p}\"\ndone";
		};
/* End PBXShellScriptBuildPhase section */

/* Begin PBXSourcesBuildPhase section */
		4332BEA31D108F4000F84D51 /* Sources */ = {
			isa = PBXSourcesBuildPhase;
			buildActionMask = 2147483647;
			files = (
				4332BEE11D10900700F84D51 /* fuse_locking.c in Sources */,
				4332BEE81D10900700F84D51 /* fuse_notify.c in Sources */,
				4332BEDA1D10900700F84D51 /* fuse_ipc.c in Sources */,
				4332BED61D10900700F84D51 /* fuse_file.c in Sources */,
				4332BEE61D10900700F84D51 /* fuse_nodehash.c in Sources */,
				4332BEE31D10900700F84D51 /* fuse_main.c in Sources */,
				4332BEE41D10900700F84D51 /* fuse_node.c in Sources */,
				4332BEDD1D10900700F84D51 /* fuse_kludges.c in Sources */,
				4332BED41D10900700F84D51 /* fuse_device.c in Sources */,
				4332BED21D10900700F84D51 /* fuse_biglock_vnops.c in Sources */,
				4332BEEE1D10900700F84D51 /* fuse_vnops.c in Sources */,
				4332BED81D10900700F84D51 /* fuse_internal.c in Sources */,
				4332BEEA1D10900700F84D51 /* fuse_sysctl.c in Sources */,
				4332BEDF1D10900700F84D51 /* fuse_knote.c in Sources */,
				4332BEEC1D10900700F84D51 /* fuse_vfsops.c in Sources */,
			);
			runOnlyForDeploymentPostprocessing = 0;
		};
/* End PBXSourcesBuildPhase section */

/* Begin XCBuildConfiguration section */
		4332BEAE1D108F4000F84D51 /* Debug */ = {
			isa = XCBuildConfiguration;
			buildSettings = {
				ALWAYS_SEARCH_USER_PATHS = NO;
				CLANG_ANALYZER_NONNULL = YES;
				CLANG_CXX_LANGUAGE_STANDARD = "gnu++0x";
				CLANG_CXX_LIBRARY = "libc++";
				CLANG_ENABLE_MODULES = YES;
				CLANG_ENABLE_OBJC_ARC = YES;
				CLANG_WARN_BOOL_CONVERSION = YES;
				CLANG_WARN_CONSTANT_CONVERSION = YES;
				CLANG_WARN_DIRECT_OBJC_ISA_USAGE = YES_ERROR;
				CLANG_WARN_DOCUMENTATION_COMMENTS = YES;
				CLANG_WARN_EMPTY_BODY = YES;
				CLANG_WARN_ENUM_CONVERSION = YES;
				CLANG_WARN_INT_CONVERSION = YES;
				CLANG_WARN_OBJC_ROOT_CLASS = YES_ERROR;
				CLANG_WARN_UNREACHABLE_CODE = YES;
				CLANG_WARN__DUPLICATE_METHOD_MATCH = YES;
				CODE_SIGN_IDENTITY = "-";
				COPY_PHASE_STRIP = NO;
				DEBUG_INFORMATION_FORMAT = dwarf;
				ENABLE_MACFUSE_MODE = 1;
				ENABLE_STRICT_OBJC_MSGSEND = YES;
				ENABLE_TESTABILITY = YES;
				GCC_C_LANGUAGE_STANDARD = gnu99;
				GCC_DYNAMIC_NO_PIC = NO;
				GCC_NO_COMMON_BLOCKS = YES;
				GCC_OPTIMIZATION_LEVEL = 0;
				GCC_PREPROCESSOR_DEFINITIONS = (
					"DEBUG=1",
					"$(inherited)",
				);
				GCC_WARN_64_TO_32_BIT_CONVERSION = YES;
				GCC_WARN_ABOUT_RETURN_TYPE = YES_ERROR;
				GCC_WARN_UNDECLARED_SELECTOR = YES;
				GCC_WARN_UNINITIALIZED_AUTOS = YES_AGGRESSIVE;
				GCC_WARN_UNUSED_FUNCTION = YES;
				GCC_WARN_UNUSED_VARIABLE = YES;
				MTL_ENABLE_DEBUG_INFO = YES;
				ONLY_ACTIVE_ARCH = YES;
				OSXFUSE_NAME = osxfuse;
				OSXFUSE_VERSION = 3.0.0;
				SDKROOT = macosx;
			};
			name = Debug;
		};
		4332BEAF1D108F4000F84D51 /* Release */ = {
			isa = XCBuildConfiguration;
			buildSettings = {
				ALWAYS_SEARCH_USER_PATHS = NO;
				CLANG_ANALYZER_NONNULL = YES;
				CLANG_CXX_LANGUAGE_STANDARD = "gnu++0x";
				CLANG_CXX_LIBRARY = "libc++";
				CLANG_ENABLE_MODULES = YES;
				CLANG_ENABLE_OBJC_ARC = YES;
				CLANG_WARN_BOOL_CONVERSION = YES;
				CLANG_WARN_CONSTANT_CONVERSION = YES;
				CLANG_WARN_DIRECT_OBJC_ISA_USAGE = YES_ERROR;
				CLANG_WARN_DOCUMENTATION_COMMENTS = YES;
				CLANG_WARN_EMPTY_BODY = YES;
				CLANG_WARN_ENUM_CONVERSION = YES;
				CLANG_WARN_INT_CONVERSION = YES;
				CLANG_WARN_OBJC_ROOT_CLASS = YES_ERROR;
				CLANG_WARN_UNREACHABLE_CODE = YES;
				CLANG_WARN__DUPLICATE_METHOD_MATCH = YES;
				CODE_SIGN_IDENTITY = "-";
				COPY_PHASE_STRIP = NO;
				DEBUG_INFORMATION_FORMAT = "dwarf-with-dsym";
				ENABLE_MACFUSE_MODE = 1;
				ENABLE_NS_ASSERTIONS = NO;
				ENABLE_STRICT_OBJC_MSGSEND = YES;
				GCC_C_LANGUAGE_STANDARD = gnu99;
				GCC_NO_COMMON_BLOCKS = YES;
				GCC_WARN_64_TO_32_BIT_CONVERSION = YES;
				GCC_WARN_ABOUT_RETURN_TYPE = YES_ERROR;
				GCC_WARN_UNDECLARED_SELECTOR = YES;
				GCC_WARN_UNINITIALIZED_AUTOS = YES_AGGRESSIVE;
				GCC_WARN_UNUSED_FUNCTION = YES;
				GCC_WARN_UNUSED_VARIABLE = YES;
				MTL_ENABLE_DEBUG_INFO = NO;
				OSXFUSE_NAME = osxfuse;
				OSXFUSE_VERSION = 3.0.0;
				SDKROOT = macosx;
			};
			name = Release;
		};
		4332BEB11D108F4000F84D51 /* Debug */ = {
			isa = XCBuildConfiguration;
			buildSettings = {
				CLANG_WARN_DOCUMENTATION_COMMENTS = NO;
				CODE_SIGN_IDENTITY = "Developer ID Application";
				DEVELOPMENT_TEAM = 3T5GSNBU6W;
				DWARF_DSYM_FOLDER_PATH = "$(CONFIGURATION_BUILD_DIR)/Debug";
				GCC_PREPROCESSOR_DEFINITIONS = (
					"$(inherited)",
					"OSXFUSE_ENABLE_MACFUSE_MODE=$(ENABLE_MACFUSE_MODE)",
				);
				GCC_TREAT_WARNINGS_AS_ERRORS = YES;
				INFOPLIST_FILE = osxfuse/Info.plist;
				INFOPLIST_OTHER_PREPROCESSOR_FLAGS = "-isysroot \"$(SDKROOT)\" -I\"$(SDKROOT)/System/Library/Frameworks/Kernel.framework/Headers\" -I\"$(SRCROOT)/../common\" -std=gnu99";
				INFOPLIST_PREPROCESS = YES;
				INFOPLIST_PREPROCESSOR_DEFINITIONS = KERNEL;
				MODULE_NAME = com.github.osxfuse.filesystems.osxfuse;
				MODULE_START = fuse_start;
				MODULE_STOP = fuse_stop;
				MODULE_VERSION = "$(OSXFUSE_VERSION)";
				OTHER_CODE_SIGN_FLAGS = "--identifier $(MODULE_NAME)";
				PRODUCT_BUNDLE_IDENTIFIER = com.github.osxfuse.osxfuse;
				PRODUCT_NAME = "$(OSXFUSE_NAME)";
				"VALID_ARCHS[sdk=macosx10.10]" = x86_64;
				"VALID_ARCHS[sdk=macosx10.11]" = x86_64;
				"VALID_ARCHS[sdk=macosx10.12]" = x86_64;
				"VALID_ARCHS[sdk=macosx10.13]" = x86_64;
				"VALID_ARCHS[sdk=macosx10.14]" = x86_64;
				"VALID_ARCHS[sdk=macosx10.5]" = "i386 ppc";
				"VALID_ARCHS[sdk=macosx10.6]" = "i386 x86_64";
				"VALID_ARCHS[sdk=macosx10.7]" = "i386 x86_64";
				"VALID_ARCHS[sdk=macosx10.8]" = x86_64;
				"VALID_ARCHS[sdk=macosx10.9]" = x86_64;
				WRAPPER_EXTENSION = kext;
			};
			name = Debug;
		};
		4332BEB21D108F4000F84D51 /* Release */ = {
			isa = XCBuildConfiguration;
			buildSettings = {
				CLANG_WARN_DOCUMENTATION_COMMENTS = NO;
				CODE_SIGN_IDENTITY = "Developer ID Application";
				COPY_PHASE_STRIP = YES;
				DEPLOYMENT_POSTPROCESSING = YES;
				DEVELOPMENT_TEAM = 3T5GSNBU6W;
				DWARF_DSYM_FOLDER_PATH = "$(CONFIGURATION_BUILD_DIR)/Debug";
				EXPORTED_SYMBOLS_FILE = osxfuse/osxfuse.exports;
				GCC_PREPROCESSOR_DEFINITIONS = (
					"$(inherited)",
					"OSXFUSE_ENABLE_MACFUSE_MODE=$(ENABLE_MACFUSE_MODE)",
				);
				GCC_TREAT_WARNINGS_AS_ERRORS = YES;
				INFOPLIST_FILE = osxfuse/Info.plist;
				INFOPLIST_OTHER_PREPROCESSOR_FLAGS = "-isysroot \"$(SDKROOT)\" -I\"$(SDKROOT)/System/Library/Frameworks/Kernel.framework/Headers\" -I\"$(SRCROOT)/../common\" -std=gnu99";
				INFOPLIST_PREPROCESS = YES;
				INFOPLIST_PREPROCESSOR_DEFINITIONS = KERNEL;
				MODULE_NAME = com.github.osxfuse.filesystems.osxfuse;
				MODULE_START = fuse_start;
				MODULE_STOP = fuse_stop;
				MODULE_VERSION = "$(OSXFUSE_VERSION)";
				OTHER_CODE_SIGN_FLAGS = "--identifier $(MODULE_NAME)";
				PRODUCT_BUNDLE_IDENTIFIER = com.github.osxfuse.osxfuse;
				PRODUCT_NAME = "$(OSXFUSE_NAME)";
				SEPARATE_STRIP = YES;
				STRIP_STYLE = "non-global";
				"VALID_ARCHS[sdk=macosx10.10]" = x86_64;
				"VALID_ARCHS[sdk=macosx10.11]" = x86_64;
				"VALID_ARCHS[sdk=macosx10.12]" = x86_64;
				"VALID_ARCHS[sdk=macosx10.13]" = x86_64;
				"VALID_ARCHS[sdk=macosx10.14]" = x86_64;
				"VALID_ARCHS[sdk=macosx10.5]" = "i386 ppc";
				"VALID_ARCHS[sdk=macosx10.6]" = "i386 x86_64";
				"VALID_ARCHS[sdk=macosx10.7]" = "i386 x86_64";
				"VALID_ARCHS[sdk=macosx10.8]" = x86_64;
				"VALID_ARCHS[sdk=macosx10.9]" = x86_64;
				WRAPPER_EXTENSION = kext;
			};
			name = Release;
		};
/* End XCBuildConfiguration section */

/* Begin XCConfigurationList section */
		4332BEA21D108F4000F84D51 /* Build configuration list for PBXProject "osxfuse" */ = {
			isa = XCConfigurationList;
			buildConfigurations = (
				4332BEAE1D108F4000F84D51 /* Debug */,
				4332BEAF1D108F4000F84D51 /* Release */,
			);
			defaultConfigurationIsVisible = 0;
			defaultConfigurationName = Release;
		};
		4332BEB01D108F4000F84D51 /* Build configuration list for PBXNativeTarget "osxfuse" */ = {
			isa = XCConfigurationList;
			buildConfigurations = (
				4332BEB11D108F4000F84D51 /* Debug */,
				4332BEB21D108F4000F84D51 /* Release */,
			);
			defaultConfigurationIsVisible = 0;
			defaultConfigurationName = Release;
		};
/* End XCConfigurationList section */
	};
	rootObject = 4332BE9F1D108F4000F84D51 /* Project object */;
}
